
Microsoft Visual Studio Solution File, Format Version 12.00
# Visual Studio Version 17
VisualStudioVersion = 17.11.35222.181
MinimumVisualStudioVersion = 10.0.40219.1
Project("{9A19103F-16F7-4668-BE54-9A1E7A4F7556}") = "MarsRover", "MarsRover\MarsRover.csproj", "{2F2A846D-A06C-4B30-8D1E-B10607770B41}"
EndProject
Project("{FAE04EC0-301F-11D3-BF4B-00C04F79EFBC}") = "MarsRoverTests", "MarsRoverTests\MarsRoverTests.csproj", "{150F6472-DBC0-4660-A94C-7806FD206867}"
EndProject
Global
	GlobalSection(SolutionConfigurationPlatforms) = preSolution
		Debug|Any CPU = Debug|Any CPU
		Release|Any CPU = Release|Any CPU
	EndGlobalSection
	GlobalSection(ProjectConfigurationPlatforms) = postSolution
		{2F2A846D-A06C-4B30-8D1E-B10607770B41}.Debug|Any CPU.ActiveCfg = Debug|Any CPU
		{2F2A846D-A06C-4B30-8D1E-B10607770B41}.Debug|Any CPU.Build.0 = Debug|Any CPU
		{2F2A846D-A06C-4B30-8D1E-B10607770B41}.Release|Any CPU.ActiveCfg = Release|Any CPU
		{2F2A846D-A06C-4B30-8D1E-B10607770B41}.Release|Any CPU.Build.0 = Release|Any CPU
		{150F6472-DBC0-4660-A94C-7806FD206867}.Debug|Any CPU.ActiveCfg = Debug|Any CPU
		{150F6472-DBC0-4660-A94C-7806FD206867}.Debug|Any CPU.Build.0 = Debug|Any CPU
		{150F6472-DBC0-4660-A94C-7806FD206867}.Release|Any CPU.ActiveCfg = Release|Any CPU
		{150F6472-DBC0-4660-A94C-7806FD206867}.Release|Any CPU.Build.0 = Release|Any CPU
	EndGlobalSection
	GlobalSection(SolutionProperties) = preSolution
		HideSolutionNode = FALSE
	EndGlobalSection
	GlobalSection(ExtensibilityGlobals) = postSolution
		SolutionGuid = {7E966CCF-E291-47F4-AB70-330B32A1E1EE}
	EndGlobalSection
EndGlobal
